
Microsoft Visual Studio Solution File, Format Version 12.00
# Visual Studio 15
VisualStudioVersion = 15.0.27703.2018
MinimumVisualStudioVersion = 10.0.40219.1
Project("{FAE04EC0-301F-11D3-BF4B-00C04F79EFBC}") = "prilogg.Android", "prilogg\prilogg.Android\prilogg.Android.csproj", "{53BC812C-F736-4240-9D95-0EA6237D2538}"
EndProject
Project("{FAE04EC0-301F-11D3-BF4B-00C04F79EFBC}") = "prilogg.UWP", "prilogg\prilogg.UWP\prilogg.UWP.csproj", "{9EB482E5-718E-46EC-9340-2093A06FE6BF}"
EndProject
Project("{D954291E-2A0B-460D-934E-DC6B0785DB48}") = "prilogg", "prilogg\prilogg\prilogg.shproj", "{24C0406F-B318-4308-9E6D-B176A5DEFDAE}"
EndProject
Global
	GlobalSection(SharedMSBuildProjectFiles) = preSolution
		prilogg\prilogg\prilogg.projitems*{24c0406f-b318-4308-9e6d-b176a5defdae}*SharedItemsImports = 13
		prilogg\prilogg\prilogg.projitems*{53bc812c-f736-4240-9d95-0ea6237d2538}*SharedItemsImports = 4
		prilogg\prilogg\prilogg.projitems*{9eb482e5-718e-46ec-9340-2093a06fe6bf}*SharedItemsImports = 4
	EndGlobalSection
	GlobalSection(SolutionConfigurationPlatforms) = preSolution
		Ad-Hoc|Any CPU = Ad-Hoc|Any CPU
		Ad-Hoc|ARM = Ad-Hoc|ARM
		Ad-Hoc|iPhone = Ad-Hoc|iPhone
		Ad-Hoc|iPhoneSimulator = Ad-Hoc|iPhoneSimulator
		Ad-Hoc|x64 = Ad-Hoc|x64
		Ad-Hoc|x86 = Ad-Hoc|x86
		AppStore|Any CPU = AppStore|Any CPU
		AppStore|ARM = AppStore|ARM
		AppStore|iPhone = AppStore|iPhone
		AppStore|iPhoneSimulator = AppStore|iPhoneSimulator
		AppStore|x64 = AppStore|x64
		AppStore|x86 = AppStore|x86
		Debug|Any CPU = Debug|Any CPU
		Debug|ARM = Debug|ARM
		Debug|iPhone = Debug|iPhone
		Debug|iPhoneSimulator = Debug|iPhoneSimulator
		Debug|x64 = Debug|x64
		Debug|x86 = Debug|x86
		Release|Any CPU = Release|Any CPU
		Release|ARM = Release|ARM
		Release|iPhone = Release|iPhone
		Release|iPhoneSimulator = Release|iPhoneSimulator
		Release|x64 = Release|x64
		Release|x86 = Release|x86
	EndGlobalSection
	GlobalSection(ProjectConfigurationPlatforms) = postSolution
		{53BC812C-F736-4240-9D95-0EA6237D2538}.Ad-Hoc|Any CPU.ActiveCfg = Release|Any CPU
		{53BC812C-F736-4240-9D95-0EA6237D2538}.Ad-Hoc|Any CPU.Build.0 = Release|Any CPU
		{53BC812C-F736-4240-9D95-0EA6237D2538}.Ad-Hoc|Any CPU.Deploy.0 = Release|Any CPU
		{53BC812C-F736-4240-9D95-0EA6237D2538}.Ad-Hoc|ARM.ActiveCfg = Release|Any CPU
		{53BC812C-F736-4240-9D95-0EA6237D2538}.Ad-Hoc|ARM.Build.0 = Release|Any CPU
		{53BC812C-F736-4240-9D95-0EA6237D2538}.Ad-Hoc|ARM.Deploy.0 = Release|Any CPU
		{53BC812C-F736-4240-9D95-0EA6237D2538}.Ad-Hoc|iPhone.ActiveCfg = Release|Any CPU
		{53BC812C-F736-4240-9D95-0EA6237D2538}.Ad-Hoc|iPhone.Build.0 = Release|Any CPU
		{53BC812C-F736-4240-9D95-0EA6237D2538}.Ad-Hoc|iPhone.Deploy.0 = Release|Any CPU
		{53BC812C-F736-4240-9D95-0EA6237D2538}.Ad-Hoc|iPhoneSimulator.ActiveCfg = Release|Any CPU
		{53BC812C-F736-4240-9D95-0EA6237D2538}.Ad-Hoc|iPhoneSimulator.Build.0 = Release|Any CPU
		{53BC812C-F736-4240-9D95-0EA6237D2538}.Ad-Hoc|iPhoneSimulator.Deploy.0 = Release|Any CPU
		{53BC812C-F736-4240-9D95-0EA6237D2538}.Ad-Hoc|x64.ActiveCfg = Release|Any CPU
		{53BC812C-F736-4240-9D95-0EA6237D2538}.Ad-Hoc|x64.Build.0 = Release|Any CPU
		{53BC812C-F736-4240-9D95-0EA6237D2538}.Ad-Hoc|x64.Deploy.0 = Release|Any CPU
		{53BC812C-F736-4240-9D95-0EA6237D2538}.Ad-Hoc|x86.ActiveCfg = Release|Any CPU
		{53BC812C-F736-4240-9D95-0EA6237D2538}.Ad-Hoc|x86.Build.0 = Release|Any CPU
		{53BC812C-F736-4240-9D95-0EA6237D2538}.Ad-Hoc|x86.Deploy.0 = Release|Any CPU
		{53BC812C-F736-4240-9D95-0EA6237D2538}.AppStore|Any CPU.ActiveCfg = Release|Any CPU
		{53BC812C-F736-4240-9D95-0EA6237D2538}.AppStore|Any CPU.Build.0 = Release|Any CPU
		{53BC812C-F736-4240-9D95-0EA6237D2538}.AppStore|Any CPU.Deploy.0 = Release|Any CPU
		{53BC812C-F736-4240-9D95-0EA6237D2538}.AppStore|ARM.ActiveCfg = Release|Any CPU
		{53BC812C-F736-4240-9D95-0EA6237D2538}.AppStore|ARM.Build.0 = Release|Any CPU
		{53BC812C-F736-4240-9D95-0EA6237D2538}.AppStore|ARM.Deploy.0 = Release|Any CPU
		{53BC812C-F736-4240-9D95-0EA6237D2538}.AppStore|iPhone.ActiveCfg = Release|Any CPU
		{53BC812C-F736-4240-9D95-0EA6237D2538}.AppStore|iPhone.Build.0 = Release|Any CPU
		{53BC812C-F736-4240-9D95-0EA6237D2538}.AppStore|iPhone.Deploy.0 = Release|Any CPU
		{53BC812C-F736-4240-9D95-0EA6237D2538}.AppStore|iPhoneSimulator.ActiveCfg = Release|Any CPU
		{53BC812C-F736-4240-9D95-0EA6237D2538}.AppStore|iPhoneSimulator.Build.0 = Release|Any CPU
		{53BC812C-F736-4240-9D95-0EA6237D2538}.AppStore|iPhoneSimulator.Deploy.0 = Release|Any CPU
		{53BC812C-F736-4240-9D95-0EA6237D2538}.AppStore|x64.ActiveCfg = Release|Any CPU
		{53BC812C-F736-4240-9D95-0EA6237D2538}.AppStore|x64.Build.0 = Release|Any CPU
		{53BC812C-F736-4240-9D95-0EA6237D2538}.AppStore|x64.Deploy.0 = Release|Any CPU
		{53BC812C-F736-4240-9D95-0EA6237D2538}.AppStore|x86.ActiveCfg = Release|Any CPU
		{53BC812C-F736-4240-9D95-0EA6237D2538}.AppStore|x86.Build.0 = Release|Any CPU
		{53BC812C-F736-4240-9D95-0EA6237D2538}.AppStore|x86.Deploy.0 = Release|Any CPU
		{53BC812C-F736-4240-9D95-0EA6237D2538}.Debug|Any CPU.ActiveCfg = Debug|Any CPU
		{53BC812C-F736-4240-9D95-0EA6237D2538}.Debug|Any CPU.Build.0 = Debug|Any CPU
		{53BC812C-F736-4240-9D95-0EA6237D2538}.Debug|Any CPU.Deploy.0 = Debug|Any CPU
		{53BC812C-F736-4240-9D95-0EA6237D2538}.Debug|ARM.ActiveCfg = Debug|Any CPU
		{53BC812C-F736-4240-9D95-0EA6237D2538}.Debug|ARM.Build.0 = Debug|Any CPU
		{53BC812C-F736-4240-9D95-0EA6237D2538}.Debug|ARM.Deploy.0 = Debug|Any CPU
		{53BC812C-F736-4240-9D95-0EA6237D2538}.Debug|iPhone.ActiveCfg = Debug|Any CPU
		{53BC812C-F736-4240-9D95-0EA6237D2538}.Debug|iPhone.Build.0 = Debug|Any CPU
		{53BC812C-F736-4240-9D95-0EA6237D2538}.Debug|iPhone.Deploy.0 = Debug|Any CPU
		{53BC812C-F736-4240-9D95-0EA6237D2538}.Debug|iPhoneSimulator.ActiveCfg = Debug|Any CPU
		{53BC812C-F736-4240-9D95-0EA6237D2538}.Debug|iPhoneSimulator.Build.0 = Debug|Any CPU
		{53BC812C-F736-4240-9D95-0EA6237D2538}.Debug|iPhoneSimulator.Deploy.0 = Debug|Any CPU
		{53BC812C-F736-4240-9D95-0EA6237D2538}.Debug|x64.ActiveCfg = Debug|Any CPU
		{53BC812C-F736-4240-9D95-0EA6237D2538}.Debug|x64.Build.0 = Debug|Any CPU
		{53BC812C-F736-4240-9D95-0EA6237D2538}.Debug|x64.Deploy.0 = Debug|Any CPU
		{53BC812C-F736-4240-9D95-0EA6237D2538}.Debug|x86.ActiveCfg = Debug|Any CPU
		{53BC812C-F736-4240-9D95-0EA6237D2538}.Debug|x86.Build.0 = Debug|Any CPU
		{53BC812C-F736-4240-9D95-0EA6237D2538}.Debug|x86.Deploy.0 = Debug|Any CPU
		{53BC812C-F736-4240-9D95-0EA6237D2538}.Release|Any CPU.ActiveCfg = Release|Any CPU
		{53BC812C-F736-4240-9D95-0EA6237D2538}.Release|Any CPU.Build.0 = Release|Any CPU
		{53BC812C-F736-4240-9D95-0EA6237D2538}.Release|Any CPU.Deploy.0 = Release|Any CPU
		{53BC812C-F736-4240-9D95-0EA6237D2538}.Release|ARM.ActiveCfg = Release|Any CPU
		{53BC812C-F736-4240-9D95-0EA6237D2538}.Release|ARM.Build.0 = Release|Any CPU
		{53BC812C-F736-4240-9D95-0EA6237D2538}.Release|ARM.Deploy.0 = Release|Any CPU
		{53BC812C-F736-4240-9D95-0EA6237D2538}.Release|iPhone.ActiveCfg = Release|Any CPU
		{53BC812C-F736-4240-9D95-0EA6237D2538}.Release|iPhone.Build.0 = Release|Any CPU
		{53BC812C-F736-4240-9D95-0EA6237D2538}.Release|iPhone.Deploy.0 = Release|Any CPU
		{53BC812C-F736-4240-9D95-0EA6237D2538}.Release|iPhoneSimulator.ActiveCfg = Release|Any CPU
		{53BC812C-F736-4240-9D95-0EA6237D2538}.Release|iPhoneSimulator.Build.0 = Release|Any CPU
		{53BC812C-F736-4240-9D95-0EA6237D2538}.Release|iPhoneSimulator.Deploy.0 = Release|Any CPU
		{53BC812C-F736-4240-9D95-0EA6237D2538}.Release|x64.ActiveCfg = Release|Any CPU
		{53BC812C-F736-4240-9D95-0EA6237D2538}.Release|x64.Build.0 = Release|Any CPU
		{53BC812C-F736-4240-9D95-0EA6237D2538}.Release|x64.Deploy.0 = Release|Any CPU
		{53BC812C-F736-4240-9D95-0EA6237D2538}.Release|x86.ActiveCfg = Release|Any CPU
		{53BC812C-F736-4240-9D95-0EA6237D2538}.Release|x86.Build.0 = Release|Any CPU
		{53BC812C-F736-4240-9D95-0EA6237D2538}.Release|x86.Deploy.0 = Release|Any CPU
		{9EB482E5-718E-46EC-9340-2093A06FE6BF}.Ad-Hoc|Any CPU.ActiveCfg = Release|x86
		{9EB482E5-718E-46EC-9340-2093A06FE6BF}.Ad-Hoc|Any CPU.Build.0 = Release|x86
		{9EB482E5-718E-46EC-9340-2093A06FE6BF}.Ad-Hoc|Any CPU.Deploy.0 = Release|x86
		{9EB482E5-718E-46EC-9340-2093A06FE6BF}.Ad-Hoc|ARM.ActiveCfg = Release|ARM
		{9EB482E5-718E-46EC-9340-2093A06FE6BF}.Ad-Hoc|ARM.Build.0 = Release|ARM
		{9EB482E5-718E-46EC-9340-2093A06FE6BF}.Ad-Hoc|ARM.Deploy.0 = Release|ARM
		{9EB482E5-718E-46EC-9340-2093A06FE6BF}.Ad-Hoc|iPhone.ActiveCfg = Release|x86
		{9EB482E5-718E-46EC-9340-2093A06FE6BF}.Ad-Hoc|iPhone.Build.0 = Release|x86
		{9EB482E5-718E-46EC-9340-2093A06FE6BF}.Ad-Hoc|iPhone.Deploy.0 = Release|x86
		{9EB482E5-718E-46EC-9340-2093A06FE6BF}.Ad-Hoc|iPhoneSimulator.ActiveCfg = Release|x86
		{9EB482E5-718E-46EC-9340-2093A06FE6BF}.Ad-Hoc|iPhoneSimulator.Build.0 = Release|x86
		{9EB482E5-718E-46EC-9340-2093A06FE6BF}.Ad-Hoc|iPhoneSimulator.Deploy.0 = Release|x86
		{9EB482E5-718E-46EC-9340-2093A06FE6BF}.Ad-Hoc|x64.ActiveCfg = Release|x64
		{9EB482E5-718E-46EC-9340-2093A06FE6BF}.Ad-Hoc|x64.Build.0 = Release|x64
		{9EB482E5-718E-46EC-9340-2093A06FE6BF}.Ad-Hoc|x64.Deploy.0 = Release|x64
		{9EB482E5-718E-46EC-9340-2093A06FE6BF}.Ad-Hoc|x86.ActiveCfg = Release|x86
		{9EB482E5-718E-46EC-9340-2093A06FE6BF}.Ad-Hoc|x86.Build.0 = Release|x86
		{9EB482E5-718E-46EC-9340-2093A06FE6BF}.Ad-Hoc|x86.Deploy.0 = Release|x86
		{9EB482E5-718E-46EC-9340-2093A06FE6BF}.AppStore|Any CPU.ActiveCfg = Release|x86
		{9EB482E5-718E-46EC-9340-2093A06FE6BF}.AppStore|Any CPU.Build.0 = Release|x86
		{9EB482E5-718E-46EC-9340-2093A06FE6BF}.AppStore|Any CPU.Deploy.0 = Release|x86
		{9EB482E5-718E-46EC-9340-2093A06FE6BF}.AppStore|ARM.ActiveCfg = Release|ARM
		{9EB482E5-718E-46EC-9340-2093A06FE6BF}.AppStore|ARM.Build.0 = Release|ARM
		{9EB482E5-718E-46EC-9340-2093A06FE6BF}.AppStore|ARM.Deploy.0 = Release|ARM
		{9EB482E5-718E-46EC-9340-2093A06FE6BF}.AppStore|iPhone.ActiveCfg = Release|x86
		{9EB482E5-718E-46EC-9340-2093A06FE6BF}.AppStore|iPhone.Build.0 = Release|x86
		{9EB482E5-718E-46EC-9340-2093A06FE6BF}.AppStore|iPhone.Deploy.0 = Release|x86
		{9EB482E5-718E-46EC-9340-2093A06FE6BF}.AppStore|iPhoneSimulator.ActiveCfg = Release|x86
		{9EB482E5-718E-46EC-9340-2093A06FE6BF}.AppStore|iPhoneSimulator.Build.0 = Release|x86
		{9EB482E5-718E-46EC-9340-2093A06FE6BF}.AppStore|iPhoneSimulator.Deploy.0 = Release|x86
		{9EB482E5-718E-46EC-9340-2093A06FE6BF}.AppStore|x64.ActiveCfg = Release|x64
		{9EB482E5-718E-46EC-9340-2093A06FE6BF}.AppStore|x64.Build.0 = Release|x64
		{9EB482E5-718E-46EC-9340-2093A06FE6BF}.AppStore|x64.Deploy.0 = Release|x64
		{9EB482E5-718E-46EC-9340-2093A06FE6BF}.AppStore|x86.ActiveCfg = Release|x86
		{9EB482E5-718E-46EC-9340-2093A06FE6BF}.AppStore|x86.Build.0 = Release|x86
		{9EB482E5-718E-46EC-9340-2093A06FE6BF}.AppStore|x86.Deploy.0 = Release|x86
		{9EB482E5-718E-46EC-9340-2093A06FE6BF}.Debug|Any CPU.ActiveCfg = Debug|x86
		{9EB482E5-718E-46EC-9340-2093A06FE6BF}.Debug|Any CPU.Build.0 = Debug|x86
		{9EB482E5-718E-46EC-9340-2093A06FE6BF}.Debug|Any CPU.Deploy.0 = Debug|x86
		{9EB482E5-718E-46EC-9340-2093A06FE6BF}.Debug|ARM.ActiveCfg = Debug|ARM
		{9EB482E5-718E-46EC-9340-2093A06FE6BF}.Debug|ARM.Build.0 = Debug|ARM
		{9EB482E5-718E-46EC-9340-2093A06FE6BF}.Debug|ARM.Deploy.0 = Debug|ARM
		{9EB482E5-718E-46EC-9340-2093A06FE6BF}.Debug|iPhone.ActiveCfg = Debug|x86
		{9EB482E5-718E-46EC-9340-2093A06FE6BF}.Debug|iPhone.Build.0 = Debug|x86
		{9EB482E5-718E-46EC-9340-2093A06FE6BF}.Debug|iPhone.Deploy.0 = Debug|x86
		{9EB482E5-718E-46EC-9340-2093A06FE6BF}.Debug|iPhoneSimulator.ActiveCfg = Debug|x86
		{9EB482E5-718E-46EC-9340-2093A06FE6BF}.Debug|iPhoneSimulator.Build.0 = Debug|x86
		{9EB482E5-718E-46EC-9340-2093A06FE6BF}.Debug|iPhoneSimulator.Deploy.0 = Debug|x86
		{9EB482E5-718E-46EC-9340-2093A06FE6BF}.Debug|x64.ActiveCfg = Debug|x64
		{9EB482E5-718E-46EC-9340-2093A06FE6BF}.Debug|x64.Build.0 = Debug|x64
		{9EB482E5-718E-46EC-9340-2093A06FE6BF}.Debug|x64.Deploy.0 = Debug|x64
		{9EB482E5-718E-46EC-9340-2093A06FE6BF}.Debug|x86.ActiveCfg = Debug|x86
		{9EB482E5-718E-46EC-9340-2093A06FE6BF}.Debug|x86.Build.0 = Debug|x86
		{9EB482E5-718E-46EC-9340-2093A06FE6BF}.Debug|x86.Deploy.0 = Debug|x86
		{9EB482E5-718E-46EC-9340-2093A06FE6BF}.Release|Any CPU.ActiveCfg = Release|x86
		{9EB482E5-718E-46EC-9340-2093A06FE6BF}.Release|Any CPU.Build.0 = Release|x86
		{9EB482E5-718E-46EC-9340-2093A06FE6BF}.Release|Any CPU.Deploy.0 = Release|x86
		{9EB482E5-718E-46EC-9340-2093A06FE6BF}.Release|ARM.ActiveCfg = Release|ARM
		{9EB482E5-718E-46EC-9340-2093A06FE6BF}.Release|ARM.Build.0 = Release|ARM
		{9EB482E5-718E-46EC-9340-2093A06FE6BF}.Release|ARM.Deploy.0 = Release|ARM
		{9EB482E5-718E-46EC-9340-2093A06FE6BF}.Release|iPhone.ActiveCfg = Release|x86
		{9EB482E5-718E-46EC-9340-2093A06FE6BF}.Release|iPhone.Build.0 = Release|x86
		{9EB482E5-718E-46EC-9340-2093A06FE6BF}.Release|iPhone.Deploy.0 = Release|x86
		{9EB482E5-718E-46EC-9340-2093A06FE6BF}.Release|iPhoneSimulator.ActiveCfg = Release|x86
		{9EB482E5-718E-46EC-9340-2093A06FE6BF}.Release|iPhoneSimulator.Build.0 = Release|x86
		{9EB482E5-718E-46EC-9340-2093A06FE6BF}.Release|iPhoneSimulator.Deploy.0 = Release|x86
		{9EB482E5-718E-46EC-9340-2093A06FE6BF}.Release|x64.ActiveCfg = Release|x64
		{9EB482E5-718E-46EC-9340-2093A06FE6BF}.Release|x64.Build.0 = Release|x64
		{9EB482E5-718E-46EC-9340-2093A06FE6BF}.Release|x64.Deploy.0 = Release|x64
		{9EB482E5-718E-46EC-9340-2093A06FE6BF}.Release|x86.ActiveCfg = Release|x86
		{9EB482E5-718E-46EC-9340-2093A06FE6BF}.Release|x86.Build.0 = Release|x86
		{9EB482E5-718E-46EC-9340-2093A06FE6BF}.Release|x86.Deploy.0 = Release|x86
	EndGlobalSection
	GlobalSection(SolutionProperties) = preSolution
		HideSolutionNode = FALSE
	EndGlobalSection
	GlobalSection(ExtensibilityGlobals) = postSolution
		SolutionGuid = {6688350B-C9B3-4327-9BCA-EEAE79382418}
	EndGlobalSection
EndGlobal
